
Microsoft Visual Studio Solution File, Format Version 12.00
# Visual Studio 14
VisualStudioVersion = 14.0.23107.0
MinimumVisualStudioVersion = 10.0.40219.1
Project("{2150E333-8FDC-42A3-9474-1A3956D46DE8}") = "src", "src", "{A0AD8E94-78E2-49F9-A919-C07C78D12712}"
EndProject
Project("{2150E333-8FDC-42A3-9474-1A3956D46DE8}") = "Solution Items", "Solution Items", "{B47A62B5-2376-478B-B831-DAD082DF7B55}"
	ProjectSection(SolutionItems) = preProject
		global.json = global.json
	EndProjectSection
EndProject
Project("{8BB2217D-0F2D-49D1-97BC-3654ED321F3B}") = "ClassTracker.Core", "src\ClassTracker.Core\ClassTracker.Core.xproj", "{4E916B6A-1BBE-42FD-B677-C895CB6A4A89}"
EndProject
Project("{FAE04EC0-301F-11D3-BF4B-00C04F79EFBC}") = "ClassTracker.Services", "ClassTracker.Services\ClassTracker.Services.csproj", "{85439CA3-CF29-4FAC-98D8-BB765B9D3B92}"
EndProject
Project("{FAE04EC0-301F-11D3-BF4B-00C04F79EFBC}") = "ClassTracker.Interface", "ClassTracker.Interface\ClassTracker.Interface.csproj", "{3828A2C8-5E16-4DA9-9D29-F1CE1380D6ED}"
EndProject
Global
	GlobalSection(SolutionConfigurationPlatforms) = preSolution
		Debug|Any CPU = Debug|Any CPU
		Release|Any CPU = Release|Any CPU
	EndGlobalSection
	GlobalSection(ProjectConfigurationPlatforms) = postSolution
		{4E916B6A-1BBE-42FD-B677-C895CB6A4A89}.Debug|Any CPU.ActiveCfg = Debug|Any CPU
		{4E916B6A-1BBE-42FD-B677-C895CB6A4A89}.Debug|Any CPU.Build.0 = Debug|Any CPU
		{4E916B6A-1BBE-42FD-B677-C895CB6A4A89}.Release|Any CPU.ActiveCfg = Release|Any CPU
		{4E916B6A-1BBE-42FD-B677-C895CB6A4A89}.Release|Any CPU.Build.0 = Release|Any CPU
		{85439CA3-CF29-4FAC-98D8-BB765B9D3B92}.Debug|Any CPU.ActiveCfg = Debug|Any CPU
		{85439CA3-CF29-4FAC-98D8-BB765B9D3B92}.Debug|Any CPU.Build.0 = Debug|Any CPU
		{85439CA3-CF29-4FAC-98D8-BB765B9D3B92}.Release|Any CPU.ActiveCfg = Release|Any CPU
		{85439CA3-CF29-4FAC-98D8-BB765B9D3B92}.Release|Any CPU.Build.0 = Release|Any CPU
		{3828A2C8-5E16-4DA9-9D29-F1CE1380D6ED}.Debug|Any CPU.ActiveCfg = Debug|Any CPU
		{3828A2C8-5E16-4DA9-9D29-F1CE1380D6ED}.Debug|Any CPU.Build.0 = Debug|Any CPU
		{3828A2C8-5E16-4DA9-9D29-F1CE1380D6ED}.Release|Any CPU.ActiveCfg = Release|Any CPU
		{3828A2C8-5E16-4DA9-9D29-F1CE1380D6ED}.Release|Any CPU.Build.0 = Release|Any CPU
	EndGlobalSection
	GlobalSection(SolutionProperties) = preSolution
		HideSolutionNode = FALSE
	EndGlobalSection
	GlobalSection(NestedProjects) = preSolution
		{4E916B6A-1BBE-42FD-B677-C895CB6A4A89} = {A0AD8E94-78E2-49F9-A919-C07C78D12712}
	EndGlobalSection
EndGlobal
